// !$*UTF8*$!
{
	archiveVersion = 1;
	classes = {
	};
	objectVersion = 56;
	objects = {

/* Begin PBXBuildFile section */
		C35CBD932C1C4273003C79C3 /* AppDelegate.swift in Sources */ = {isa = PBXBuildFile; fileRef = C35CBD922C1C4273003C79C3 /* AppDelegate.swift */; };
		C35CBD952C1C4273003C79C3 /* SceneDelegate.swift in Sources */ = {isa = PBXBuildFile; fileRef = C35CBD942C1C4273003C79C3 /* SceneDelegate.swift */; };
		C35CBD972C1C4273003C79C3 /* ViewController.swift in Sources */ = {isa = PBXBuildFile; fileRef = C35CBD962C1C4273003C79C3 /* ViewController.swift */; };
		C35CBD9A2C1C4273003C79C3 /* Main.storyboard in Resources */ = {isa = PBXBuildFile; fileRef = C35CBD982C1C4273003C79C3 /* Main.storyboard */; };
		C35CBD9D2C1C4273003C79C3 /* Ecommerce_Ui_T311.xcdatamodeld in Sources */ = {isa = PBXBuildFile; fileRef = C35CBD9B2C1C4273003C79C3 /* Ecommerce_Ui_T311.xcdatamodeld */; };
		C35CBD9F2C1C427B003C79C3 /* Assets.xcassets in Resources */ = {isa = PBXBuildFile; fileRef = C35CBD9E2C1C427B003C79C3 /* Assets.xcassets */; };
		C35CBDA22C1C427B003C79C3 /* LaunchScreen.storyboard in Resources */ = {isa = PBXBuildFile; fileRef = C35CBDA02C1C427B003C79C3 /* LaunchScreen.storyboard */; };
		C35CBDAD2C1C427C003C79C3 /* Ecommerce_Ui_T311Tests.swift in Sources */ = {isa = PBXBuildFile; fileRef = C35CBDAC2C1C427C003C79C3 /* Ecommerce_Ui_T311Tests.swift */; };
		C35CBDB72C1C427C003C79C3 /* Ecommerce_Ui_T311UITests.swift in Sources */ = {isa = PBXBuildFile; fileRef = C35CBDB62C1C427C003C79C3 /* Ecommerce_Ui_T311UITests.swift */; };
		C35CBDB92C1C427C003C79C3 /* Ecommerce_Ui_T311UITestsLaunchTests.swift in Sources */ = {isa = PBXBuildFile; fileRef = C35CBDB82C1C427C003C79C3 /* Ecommerce_Ui_T311UITestsLaunchTests.swift */; };
		C35CBDC72C1C470E003C79C3 /* TabBarVC.swift in Sources */ = {isa = PBXBuildFile; fileRef = C35CBDC62C1C470E003C79C3 /* TabBarVC.swift */; };
		C35CBDCA2C1C4FFA003C79C3 /* firstTblCell.swift in Sources */ = {isa = PBXBuildFile; fileRef = C35CBDC92C1C4FFA003C79C3 /* firstTblCell.swift */; };
		C35CBDCD2C1C50CE003C79C3 /* firstitemCVCell.swift in Sources */ = {isa = PBXBuildFile; fileRef = C35CBDCC2C1C50CE003C79C3 /* firstitemCVCell.swift */; };
		C35CBDCF2C1C595C003C79C3 /* SecondItemsCvCell.swift in Sources */ = {isa = PBXBuildFile; fileRef = C35CBDCE2C1C595C003C79C3 /* SecondItemsCvCell.swift */; };
		C35CBDD12C1C7D50003C79C3 /* ProductVC.swift in Sources */ = {isa = PBXBuildFile; fileRef = C35CBDD02C1C7D4F003C79C3 /* ProductVC.swift */; };
		C3ADA9672C22A6D600D4E0B5 /* NotificationsVC.swift in Sources */ = {isa = PBXBuildFile; fileRef = C3ADA9662C22A6D600D4E0B5 /* NotificationsVC.swift */; };
		C3B015AD2C205E9B007798CE /* AddVC.swift in Sources */ = {isa = PBXBuildFile; fileRef = C3B015AC2C205E9B007798CE /* AddVC.swift */; };
		C3D194D02C1FF4E00062CC7A /* ProductImgCvCell.swift in Sources */ = {isa = PBXBuildFile; fileRef = C3D194CF2C1FF4DF0062CC7A /* ProductImgCvCell.swift */; };
		C3D194D22C2013280062CC7A /* ProfileVC.swift in Sources */ = {isa = PBXBuildFile; fileRef = C3D194D12C2013280062CC7A /* ProfileVC.swift */; };
		C3D194D42C2021D50062CC7A /* ReviewsTblCell.swift in Sources */ = {isa = PBXBuildFile; fileRef = C3D194D32C2021D50062CC7A /* ReviewsTblCell.swift */; };
/* End PBXBuildFile section */

/* Begin PBXContainerItemProxy section */
		C35CBDA92C1C427C003C79C3 /* PBXContainerItemProxy */ = {
			isa = PBXContainerItemProxy;
			containerPortal = C35CBD872C1C4272003C79C3 /* Project object */;
			proxyType = 1;
			remoteGlobalIDString = C35CBD8E2C1C4273003C79C3;
			remoteInfo = "Ecommerce Ui T311";
		};
		C35CBDB32C1C427C003C79C3 /* PBXContainerItemProxy */ = {
			isa = PBXContainerItemProxy;
			containerPortal = C35CBD872C1C4272003C79C3 /* Project object */;
			proxyType = 1;
			remoteGlobalIDString = C35CBD8E2C1C4273003C79C3;
			remoteInfo = "Ecommerce Ui T311";
		};
/* End PBXContainerItemProxy section */

/* Begin PBXFileReference section */
		C35CBD8F2C1C4273003C79C3 /* Ecommerce Ui T311.app */ = {isa = PBXFileReference; explicitFileType = wrapper.application; includeInIndex = 0; path = "Ecommerce Ui T311.app"; sourceTree = BUILT_PRODUCTS_DIR; };
		C35CBD922C1C4273003C79C3 /* AppDelegate.swift */ = {isa = PBXFileReference; lastKnownFileType = sourcecode.swift; path = AppDelegate.swift; sourceTree = "<group>"; };
		C35CBD942C1C4273003C79C3 /* SceneDelegate.swift */ = {isa = PBXFileReference; lastKnownFileType = sourcecode.swift; path = SceneDelegate.swift; sourceTree = "<group>"; };
		C35CBD962C1C4273003C79C3 /* ViewController.swift */ = {isa = PBXFileReference; lastKnownFileType = sourcecode.swift; path = ViewController.swift; sourceTree = "<group>"; };
		C35CBD992C1C4273003C79C3 /* Base */ = {isa = PBXFileReference; lastKnownFileType = file.storyboard; name = Base; path = Base.lproj/Main.storyboard; sourceTree = "<group>"; };
		C35CBD9C2C1C4273003C79C3 /* Ecommerce_Ui_T311.xcdatamodel */ = {isa = PBXFileReference; lastKnownFileType = wrapper.xcdatamodel; path = Ecommerce_Ui_T311.xcdatamodel; sourceTree = "<group>"; };
		C35CBD9E2C1C427B003C79C3 /* Assets.xcassets */ = {isa = PBXFileReference; lastKnownFileType = folder.assetcatalog; path = Assets.xcassets; sourceTree = "<group>"; };
		C35CBDA12C1C427B003C79C3 /* Base */ = {isa = PBXFileReference; lastKnownFileType = file.storyboard; name = Base; path = Base.lproj/LaunchScreen.storyboard; sourceTree = "<group>"; };
		C35CBDA32C1C427B003C79C3 /* Info.plist */ = {isa = PBXFileReference; lastKnownFileType = text.plist.xml; path = Info.plist; sourceTree = "<group>"; };
		C35CBDA82C1C427C003C79C3 /* Ecommerce Ui T311Tests.xctest */ = {isa = PBXFileReference; explicitFileType = wrapper.cfbundle; includeInIndex = 0; path = "Ecommerce Ui T311Tests.xctest"; sourceTree = BUILT_PRODUCTS_DIR; };
		C35CBDAC2C1C427C003C79C3 /* Ecommerce_Ui_T311Tests.swift */ = {isa = PBXFileReference; lastKnownFileType = sourcecode.swift; path = Ecommerce_Ui_T311Tests.swift; sourceTree = "<group>"; };
		C35CBDB22C1C427C003C79C3 /* Ecommerce Ui T311UITests.xctest */ = {isa = PBXFileReference; explicitFileType = wrapper.cfbundle; includeInIndex = 0; path = "Ecommerce Ui T311UITests.xctest"; sourceTree = BUILT_PRODUCTS_DIR; };
		C35CBDB62C1C427C003C79C3 /* Ecommerce_Ui_T311UITests.swift */ = {isa = PBXFileReference; lastKnownFileType = sourcecode.swift; path = Ecommerce_Ui_T311UITests.swift; sourceTree = "<group>"; };
		C35CBDB82C1C427C003C79C3 /* Ecommerce_Ui_T311UITestsLaunchTests.swift */ = {isa = PBXFileReference; lastKnownFileType = sourcecode.swift; path = Ecommerce_Ui_T311UITestsLaunchTests.swift; sourceTree = "<group>"; };
		C35CBDC62C1C470E003C79C3 /* TabBarVC.swift */ = {isa = PBXFileReference; lastKnownFileType = sourcecode.swift; path = TabBarVC.swift; sourceTree = "<group>"; };
		C35CBDC92C1C4FFA003C79C3 /* firstTblCell.swift */ = {isa = PBXFileReference; lastKnownFileType = sourcecode.swift; path = firstTblCell.swift; sourceTree = "<group>"; };
		C35CBDCC2C1C50CE003C79C3 /* firstitemCVCell.swift */ = {isa = PBXFileReference; lastKnownFileType = sourcecode.swift; path = firstitemCVCell.swift; sourceTree = "<group>"; };
		C35CBDCE2C1C595C003C79C3 /* SecondItemsCvCell.swift */ = {isa = PBXFileReference; lastKnownFileType = sourcecode.swift; path = SecondItemsCvCell.swift; sourceTree = "<group>"; };
		C35CBDD02C1C7D4F003C79C3 /* ProductVC.swift */ = {isa = PBXFileReference; lastKnownFileType = sourcecode.swift; path = ProductVC.swift; sourceTree = "<group>"; };
		C3ADA9662C22A6D600D4E0B5 /* NotificationsVC.swift */ = {isa = PBXFileReference; lastKnownFileType = sourcecode.swift; path = NotificationsVC.swift; sourceTree = "<group>"; };
		C3B015AC2C205E9B007798CE /* AddVC.swift */ = {isa = PBXFileReference; lastKnownFileType = sourcecode.swift; path = AddVC.swift; sourceTree = "<group>"; };
		C3D194CF2C1FF4DF0062CC7A /* ProductImgCvCell.swift */ = {isa = PBXFileReference; lastKnownFileType = sourcecode.swift; path = ProductImgCvCell.swift; sourceTree = "<group>"; };
		C3D194D12C2013280062CC7A /* ProfileVC.swift */ = {isa = PBXFileReference; lastKnownFileType = sourcecode.swift; path = ProfileVC.swift; sourceTree = "<group>"; };
		C3D194D32C2021D50062CC7A /* ReviewsTblCell.swift */ = {isa = PBXFileReference; lastKnownFileType = sourcecode.swift; path = ReviewsTblCell.swift; sourceTree = "<group>"; };
/* End PBXFileReference section */

/* Begin PBXFrameworksBuildPhase section */
		C35CBD8C2C1C4273003C79C3 /* Frameworks */ = {
			isa = PBXFrameworksBuildPhase;
			buildActionMask = 2147483647;
			files = (
			);
			runOnlyForDeploymentPostprocessing = 0;
		};
		C35CBDA52C1C427C003C79C3 /* Frameworks */ = {
			isa = PBXFrameworksBuildPhase;
			buildActionMask = 2147483647;
			files = (
			);
			runOnlyForDeploymentPostprocessing = 0;
		};
		C35CBDAF2C1C427C003C79C3 /* Frameworks */ = {
			isa = PBXFrameworksBuildPhase;
			buildActionMask = 2147483647;
			files = (
			);
			runOnlyForDeploymentPostprocessing = 0;
		};
/* End PBXFrameworksBuildPhase section */

/* Begin PBXGroup section */
		C35CBD862C1C4271003C79C3 = {
			isa = PBXGroup;
			children = (
				C35CBD912C1C4273003C79C3 /* Ecommerce Ui T311 */,
				C35CBDAB2C1C427C003C79C3 /* Ecommerce Ui T311Tests */,
				C35CBDB52C1C427C003C79C3 /* Ecommerce Ui T311UITests */,
				C35CBD902C1C4273003C79C3 /* Products */,
			);
			sourceTree = "<group>";
		};
		C35CBD902C1C4273003C79C3 /* Products */ = {
			isa = PBXGroup;
			children = (
				C35CBD8F2C1C4273003C79C3 /* Ecommerce Ui T311.app */,
				C35CBDA82C1C427C003C79C3 /* Ecommerce Ui T311Tests.xctest */,
				C35CBDB22C1C427C003C79C3 /* Ecommerce Ui T311UITests.xctest */,
			);
			name = Products;
			sourceTree = "<group>";
		};
		C35CBD912C1C4273003C79C3 /* Ecommerce Ui T311 */ = {
			isa = PBXGroup;
			children = (
				C35CBDC52C1C4290003C79C3 /* View */,
				C35CBD922C1C4273003C79C3 /* AppDelegate.swift */,
				C35CBD942C1C4273003C79C3 /* SceneDelegate.swift */,
				C35CBD962C1C4273003C79C3 /* ViewController.swift */,
				C35CBD982C1C4273003C79C3 /* Main.storyboard */,
				C35CBD9E2C1C427B003C79C3 /* Assets.xcassets */,
				C35CBDA02C1C427B003C79C3 /* LaunchScreen.storyboard */,
				C35CBDA32C1C427B003C79C3 /* Info.plist */,
				C35CBD9B2C1C4273003C79C3 /* Ecommerce_Ui_T311.xcdatamodeld */,
			);
			path = "Ecommerce Ui T311";
			sourceTree = "<group>";
		};
		C35CBDAB2C1C427C003C79C3 /* Ecommerce Ui T311Tests */ = {
			isa = PBXGroup;
			children = (
				C35CBDAC2C1C427C003C79C3 /* Ecommerce_Ui_T311Tests.swift */,
			);
			path = "Ecommerce Ui T311Tests";
			sourceTree = "<group>";
		};
		C35CBDB52C1C427C003C79C3 /* Ecommerce Ui T311UITests */ = {
			isa = PBXGroup;
			children = (
				C35CBDB62C1C427C003C79C3 /* Ecommerce_Ui_T311UITests.swift */,
				C35CBDB82C1C427C003C79C3 /* Ecommerce_Ui_T311UITestsLaunchTests.swift */,
			);
			path = "Ecommerce Ui T311UITests";
			sourceTree = "<group>";
		};
		C35CBDC52C1C4290003C79C3 /* View */ = {
			isa = PBXGroup;
			children = (
				C35CBDC82C1C4FBF003C79C3 /* cell */,
				C35CBDC62C1C470E003C79C3 /* TabBarVC.swift */,
				C35CBDD02C1C7D4F003C79C3 /* ProductVC.swift */,
				C3D194D12C2013280062CC7A /* ProfileVC.swift */,
				C3B015AC2C205E9B007798CE /* AddVC.swift */,
				C3ADA9662C22A6D600D4E0B5 /* NotificationsVC.swift */,
			);
			path = View;
			sourceTree = "<group>";
		};
		C35CBDC82C1C4FBF003C79C3 /* cell */ = {
			isa = PBXGroup;
			children = (
				C35CBDCB2C1C50B1003C79C3 /* collectionview cell */,
				C35CBDC92C1C4FFA003C79C3 /* firstTblCell.swift */,
				C3D194D32C2021D50062CC7A /* ReviewsTblCell.swift */,
			);
			path = cell;
			sourceTree = "<group>";
		};
		C35CBDCB2C1C50B1003C79C3 /* collectionview cell */ = {
			isa = PBXGroup;
			children = (
				C35CBDCC2C1C50CE003C79C3 /* firstitemCVCell.swift */,
				C35CBDCE2C1C595C003C79C3 /* SecondItemsCvCell.swift */,
				C3D194CF2C1FF4DF0062CC7A /* ProductImgCvCell.swift */,
			);
			path = "collectionview cell";
			sourceTree = "<group>";
		};
/* End PBXGroup section */

/* Begin PBXNativeTarget section */
		C35CBD8E2C1C4273003C79C3 /* Ecommerce Ui T311 */ = {
			isa = PBXNativeTarget;
			buildConfigurationList = C35CBDBC2C1C427C003C79C3 /* Build configuration list for PBXNativeTarget "Ecommerce Ui T311" */;
			buildPhases = (
				C35CBD8B2C1C4273003C79C3 /* Sources */,
				C35CBD8C2C1C4273003C79C3 /* Frameworks */,
				C35CBD8D2C1C4273003C79C3 /* Resources */,
			);
			buildRules = (
			);
			dependencies = (
			);
			name = "Ecommerce Ui T311";
			productName = "Ecommerce Ui T311";
			productReference = C35CBD8F2C1C4273003C79C3 /* Ecommerce Ui T311.app */;
			productType = "com.apple.product-type.application";
		};
		C35CBDA72C1C427C003C79C3 /* Ecommerce Ui T311Tests */ = {
			isa = PBXNativeTarget;
			buildConfigurationList = C35CBDBF2C1C427C003C79C3 /* Build configuration list for PBXNativeTarget "Ecommerce Ui T311Tests" */;
			buildPhases = (
				C35CBDA42C1C427C003C79C3 /* Sources */,
				C35CBDA52C1C427C003C79C3 /* Frameworks */,
				C35CBDA62C1C427C003C79C3 /* Resources */,
			);
			buildRules = (
			);
			dependencies = (
				C35CBDAA2C1C427C003C79C3 /* PBXTargetDependency */,
			);
			name = "Ecommerce Ui T311Tests";
			productName = "Ecommerce Ui T311Tests";
			productReference = C35CBDA82C1C427C003C79C3 /* Ecommerce Ui T311Tests.xctest */;
			productType = "com.apple.product-type.bundle.unit-test";
		};
		C35CBDB12C1C427C003C79C3 /* Ecommerce Ui T311UITests */ = {
			isa = PBXNativeTarget;
			buildConfigurationList = C35CBDC22C1C427C003C79C3 /* Build configuration list for PBXNativeTarget "Ecommerce Ui T311UITests" */;
			buildPhases = (
				C35CBDAE2C1C427C003C79C3 /* Sources */,
				C35CBDAF2C1C427C003C79C3 /* Frameworks */,
				C35CBDB02C1C427C003C79C3 /* Resources */,
			);
			buildRules = (
			);
			dependencies = (
				C35CBDB42C1C427C003C79C3 /* PBXTargetDependency */,
			);
			name = "Ecommerce Ui T311UITests";
			productName = "Ecommerce Ui T311UITests";
			productReference = C35CBDB22C1C427C003C79C3 /* Ecommerce Ui T311UITests.xctest */;
			productType = "com.apple.product-type.bundle.ui-testing";
		};
/* End PBXNativeTarget section */

/* Begin PBXProject section */
		C35CBD872C1C4272003C79C3 /* Project object */ = {
			isa = PBXProject;
			attributes = {
				BuildIndependentTargetsInParallel = 1;
				LastSwiftUpdateCheck = 1420;
				LastUpgradeCheck = 1420;
				TargetAttributes = {
					C35CBD8E2C1C4273003C79C3 = {
						CreatedOnToolsVersion = 14.2;
					};
					C35CBDA72C1C427C003C79C3 = {
						CreatedOnToolsVersion = 14.2;
						TestTargetID = C35CBD8E2C1C4273003C79C3;
					};
					C35CBDB12C1C427C003C79C3 = {
						CreatedOnToolsVersion = 14.2;
						TestTargetID = C35CBD8E2C1C4273003C79C3;
					};
				};
			};
			buildConfigurationList = C35CBD8A2C1C4272003C79C3 /* Build configuration list for PBXProject "Ecommerce Ui T311" */;
			compatibilityVersion = "Xcode 14.0";
			developmentRegion = en;
			hasScannedForEncodings = 0;
			knownRegions = (
				en,
				Base,
			);
			mainGroup = C35CBD862C1C4271003C79C3;
			productRefGroup = C35CBD902C1C4273003C79C3 /* Products */;
			projectDirPath = "";
			projectRoot = "";
			targets = (
				C35CBD8E2C1C4273003C79C3 /* Ecommerce Ui T311 */,
				C35CBDA72C1C427C003C79C3 /* Ecommerce Ui T311Tests */,
				C35CBDB12C1C427C003C79C3 /* Ecommerce Ui T311UITests */,
			);
		};
/* End PBXProject section */

/* Begin PBXResourcesBuildPhase section */
		C35CBD8D2C1C4273003C79C3 /* Resources */ = {
			isa = PBXResourcesBuildPhase;
			buildActionMask = 2147483647;
			files = (
				C35CBDA22C1C427B003C79C3 /* LaunchScreen.storyboard in Resources */,
				C35CBD9F2C1C427B003C79C3 /* Assets.xcassets in Resources */,
				C35CBD9A2C1C4273003C79C3 /* Main.storyboard in Resources */,
			);
			runOnlyForDeploymentPostprocessing = 0;
		};
		C35CBDA62C1C427C003C79C3 /* Resources */ = {
			isa = PBXResourcesBuildPhase;
			buildActionMask = 2147483647;
			files = (
			);
			runOnlyForDeploymentPostprocessing = 0;
		};
		C35CBDB02C1C427C003C79C3 /* Resources */ = {
			isa = PBXResourcesBuildPhase;
			buildActionMask = 2147483647;
			files = (
			);
			runOnlyForDeploymentPostprocessing = 0;
		};
/* End PBXResourcesBuildPhase section */

/* Begin PBXSourcesBuildPhase section */
		C35CBD8B2C1C4273003C79C3 /* Sources */ = {
			isa = PBXSourcesBuildPhase;
			buildActionMask = 2147483647;
			files = (
				C35CBD972C1C4273003C79C3 /* ViewController.swift in Sources */,
				C35CBDCF2C1C595C003C79C3 /* SecondItemsCvCell.swift in Sources */,
				C35CBDCA2C1C4FFA003C79C3 /* firstTblCell.swift in Sources */,
				C35CBDCD2C1C50CE003C79C3 /* firstitemCVCell.swift in Sources */,
				C3D194D02C1FF4E00062CC7A /* ProductImgCvCell.swift in Sources */,
				C3ADA9672C22A6D600D4E0B5 /* NotificationsVC.swift in Sources */,
				C35CBD932C1C4273003C79C3 /* AppDelegate.swift in Sources */,
				C35CBDC72C1C470E003C79C3 /* TabBarVC.swift in Sources */,
				C3B015AD2C205E9B007798CE /* AddVC.swift in Sources */,
				C35CBDD12C1C7D50003C79C3 /* ProductVC.swift in Sources */,
				C35CBD952C1C4273003C79C3 /* SceneDelegate.swift in Sources */,
				C3D194D22C2013280062CC7A /* ProfileVC.swift in Sources */,
				C3D194D42C2021D50062CC7A /* ReviewsTblCell.swift in Sources */,
				C35CBD9D2C1C4273003C79C3 /* Ecommerce_Ui_T311.xcdatamodeld in Sources */,
			);
			runOnlyForDeploymentPostprocessing = 0;
		};
		C35CBDA42C1C427C003C79C3 /* Sources */ = {
			isa = PBXSourcesBuildPhase;
			buildActionMask = 2147483647;
			files = (
				C35CBDAD2C1C427C003C79C3 /* Ecommerce_Ui_T311Tests.swift in Sources */,
			);
			runOnlyForDeploymentPostprocessing = 0;
		};
		C35CBDAE2C1C427C003C79C3 /* Sources */ = {
			isa = PBXSourcesBuildPhase;
			buildActionMask = 2147483647;
			files = (
				C35CBDB92C1C427C003C79C3 /* Ecommerce_Ui_T311UITestsLaunchTests.swift in Sources */,
				C35CBDB72C1C427C003C79C3 /* Ecommerce_Ui_T311UITests.swift in Sources */,
			);
			runOnlyForDeploymentPostprocessing = 0;
		};
/* End PBXSourcesBuildPhase section */

/* Begin PBXTargetDependency section */
		C35CBDAA2C1C427C003C79C3 /* PBXTargetDependency */ = {
			isa = PBXTargetDependency;
			target = C35CBD8E2C1C4273003C79C3 /* Ecommerce Ui T311 */;
			targetProxy = C35CBDA92C1C427C003C79C3 /* PBXContainerItemProxy */;
		};
		C35CBDB42C1C427C003C79C3 /* PBXTargetDependency */ = {
			isa = PBXTargetDependency;
			target = C35CBD8E2C1C4273003C79C3 /* Ecommerce Ui T311 */;
			targetProxy = C35CBDB32C1C427C003C79C3 /* PBXContainerItemProxy */;
		};
/* End PBXTargetDependency section */

/* Begin PBXVariantGroup section */
		C35CBD982C1C4273003C79C3 /* Main.storyboard */ = {
			isa = PBXVariantGroup;
			children = (
				C35CBD992C1C4273003C79C3 /* Base */,
			);
			name = Main.storyboard;
			sourceTree = "<group>";
		};
		C35CBDA02C1C427B003C79C3 /* LaunchScreen.storyboard */ = {
			isa = PBXVariantGroup;
			children = (
				C35CBDA12C1C427B003C79C3 /* Base */,
			);
			name = LaunchScreen.storyboard;
			sourceTree = "<group>";
		};
/* End PBXVariantGroup section */

/* Begin XCBuildConfiguration section */
		C35CBDBA2C1C427C003C79C3 /* Debug */ = {
			isa = XCBuildConfiguration;
			buildSettings = {
				ALWAYS_SEARCH_USER_PATHS = NO;
				CLANG_ANALYZER_NONNULL = YES;
				CLANG_ANALYZER_NUMBER_OBJECT_CONVERSION = YES_AGGRESSIVE;
				CLANG_CXX_LANGUAGE_STANDARD = "gnu++20";
				CLANG_ENABLE_MODULES = YES;
				CLANG_ENABLE_OBJC_ARC = YES;
				CLANG_ENABLE_OBJC_WEAK = YES;
				CLANG_WARN_BLOCK_CAPTURE_AUTORELEASING = YES;
				CLANG_WARN_BOOL_CONVERSION = YES;
				CLANG_WARN_COMMA = YES;
				CLANG_WARN_CONSTANT_CONVERSION = YES;
				CLANG_WARN_DEPRECATED_OBJC_IMPLEMENTATIONS = YES;
				CLANG_WARN_DIRECT_OBJC_ISA_USAGE = YES_ERROR;
				CLANG_WARN_DOCUMENTATION_COMMENTS = YES;
				CLANG_WARN_EMPTY_BODY = YES;
				CLANG_WARN_ENUM_CONVERSION = YES;
				CLANG_WARN_INFINITE_RECURSION = YES;
				CLANG_WARN_INT_CONVERSION = YES;
				CLANG_WARN_NON_LITERAL_NULL_CONVERSION = YES;
				CLANG_WARN_OBJC_IMPLICIT_RETAIN_SELF = YES;
				CLANG_WARN_OBJC_LITERAL_CONVERSION = YES;
				CLANG_WARN_OBJC_ROOT_CLASS = YES_ERROR;
				CLANG_WARN_QUOTED_INCLUDE_IN_FRAMEWORK_HEADER = YES;
				CLANG_WARN_RANGE_LOOP_ANALYSIS = YES;
				CLANG_WARN_STRICT_PROTOTYPES = YES;
				CLANG_WARN_SUSPICIOUS_MOVE = YES;
				CLANG_WARN_UNGUARDED_AVAILABILITY = YES_AGGRESSIVE;
				CLANG_WARN_UNREACHABLE_CODE = YES;
				CLANG_WARN__DUPLICATE_METHOD_MATCH = YES;
				COPY_PHASE_STRIP = NO;
				DEBUG_INFORMATION_FORMAT = dwarf;
				ENABLE_STRICT_OBJC_MSGSEND = YES;
				ENABLE_TESTABILITY = YES;
				GCC_C_LANGUAGE_STANDARD = gnu11;
				GCC_DYNAMIC_NO_PIC = NO;
				GCC_NO_COMMON_BLOCKS = YES;
				GCC_OPTIMIZATION_LEVEL = 0;
				GCC_PREPROCESSOR_DEFINITIONS = (
					"DEBUG=1",
					"$(inherited)",
				);
				GCC_WARN_64_TO_32_BIT_CONVERSION = YES;
				GCC_WARN_ABOUT_RETURN_TYPE = YES_ERROR;
				GCC_WARN_UNDECLARED_SELECTOR = YES;
				GCC_WARN_UNINITIALIZED_AUTOS = YES_AGGRESSIVE;
				GCC_WARN_UNUSED_FUNCTION = YES;
				GCC_WARN_UNUSED_VARIABLE = YES;
				IPHONEOS_DEPLOYMENT_TARGET = 16.2;
				MTL_ENABLE_DEBUG_INFO = INCLUDE_SOURCE;
				MTL_FAST_MATH = YES;
				ONLY_ACTIVE_ARCH = YES;
				SDKROOT = iphoneos;
				SWIFT_ACTIVE_COMPILATION_CONDITIONS = DEBUG;
				SWIFT_OPTIMIZATION_LEVEL = "-Onone";
			};
			name = Debug;
		};
		C35CBDBB2C1C427C003C79C3 /* Release */ = {
			isa = XCBuildConfiguration;
			buildSettings = {
				ALWAYS_SEARCH_USER_PATHS = NO;
				CLANG_ANALYZER_NONNULL = YES;
				CLANG_ANALYZER_NUMBER_OBJECT_CONVERSION = YES_AGGRESSIVE;
				CLANG_CXX_LANGUAGE_STANDARD = "gnu++20";
				CLANG_ENABLE_MODULES = YES;
				CLANG_ENABLE_OBJC_ARC = YES;
				CLANG_ENABLE_OBJC_WEAK = YES;
				CLANG_WARN_BLOCK_CAPTURE_AUTORELEASING = YES;
				CLANG_WARN_BOOL_CONVERSION = YES;
				CLANG_WARN_COMMA = YES;
				CLANG_WARN_CONSTANT_CONVERSION = YES;
				CLANG_WARN_DEPRECATED_OBJC_IMPLEMENTATIONS = YES;
				CLANG_WARN_DIRECT_OBJC_ISA_USAGE = YES_ERROR;
				CLANG_WARN_DOCUMENTATION_COMMENTS = YES;
				CLANG_WARN_EMPTY_BODY = YES;
				CLANG_WARN_ENUM_CONVERSION = YES;
				CLANG_WARN_INFINITE_RECURSION = YES;
				CLANG_WARN_INT_CONVERSION = YES;
				CLANG_WARN_NON_LITERAL_NULL_CONVERSION = YES;
				CLANG_WARN_OBJC_IMPLICIT_RETAIN_SELF = YES;
				CLANG_WARN_OBJC_LITERAL_CONVERSION = YES;
				CLANG_WARN_OBJC_ROOT_CLASS = YES_ERROR;
				CLANG_WARN_QUOTED_INCLUDE_IN_FRAMEWORK_HEADER = YES;
				CLANG_WARN_RANGE_LOOP_ANALYSIS = YES;
				CLANG_WARN_STRICT_PROTOTYPES = YES;
				CLANG_WARN_SUSPICIOUS_MOVE = YES;
				CLANG_WARN_UNGUARDED_AVAILABILITY = YES_AGGRESSIVE;
				CLANG_WARN_UNREACHABLE_CODE = YES;
				CLANG_WARN__DUPLICATE_METHOD_MATCH = YES;
				COPY_PHASE_STRIP = NO;
				DEBUG_INFORMATION_FORMAT = "dwarf-with-dsym";
				ENABLE_NS_ASSERTIONS = NO;
				ENABLE_STRICT_OBJC_MSGSEND = YES;
				GCC_C_LANGUAGE_STANDARD = gnu11;
				GCC_NO_COMMON_BLOCKS = YES;
				GCC_WARN_64_TO_32_BIT_CONVERSION = YES;
				GCC_WARN_ABOUT_RETURN_TYPE = YES_ERROR;
				GCC_WARN_UNDECLARED_SELECTOR = YES;
				GCC_WARN_UNINITIALIZED_AUTOS = YES_AGGRESSIVE;
				GCC_WARN_UNUSED_FUNCTION = YES;
				GCC_WARN_UNUSED_VARIABLE = YES;
				IPHONEOS_DEPLOYMENT_TARGET = 16.2;
				MTL_ENABLE_DEBUG_INFO = NO;
				MTL_FAST_MATH = YES;
				SDKROOT = iphoneos;
				SWIFT_COMPILATION_MODE = wholemodule;
				SWIFT_OPTIMIZATION_LEVEL = "-O";
				VALIDATE_PRODUCT = YES;
			};
			name = Release;
		};
		C35CBDBD2C1C427C003C79C3 /* Debug */ = {
			isa = XCBuildConfiguration;
			buildSettings = {
				ASSETCATALOG_COMPILER_APPICON_NAME = AppIcon;
				ASSETCATALOG_COMPILER_GLOBAL_ACCENT_COLOR_NAME = AccentColor;
				CODE_SIGN_STYLE = Automatic;
				CURRENT_PROJECT_VERSION = 1;
				GENERATE_INFOPLIST_FILE = YES;
				INFOPLIST_FILE = "Ecommerce Ui T311/Info.plist";
				INFOPLIST_KEY_UIApplicationSupportsIndirectInputEvents = YES;
				INFOPLIST_KEY_UILaunchStoryboardName = LaunchScreen;
				INFOPLIST_KEY_UIMainStoryboardFile = Main;
				INFOPLIST_KEY_UISupportedInterfaceOrientations_iPad = "UIInterfaceOrientationPortrait UIInterfaceOrientationPortraitUpsideDown UIInterfaceOrientationLandscapeLeft UIInterfaceOrientationLandscapeRight";
				INFOPLIST_KEY_UISupportedInterfaceOrientations_iPhone = "UIInterfaceOrientationPortrait UIInterfaceOrientationLandscapeLeft UIInterfaceOrientationLandscapeRight";
				LD_RUNPATH_SEARCH_PATHS = (
					"$(inherited)",
					"@executable_path/Frameworks",
				);
				MARKETING_VERSION = 1.0;
				PRODUCT_BUNDLE_IDENTIFIER = "com.wcg.Ecommerce-Ui-T311";
				PRODUCT_NAME = "$(TARGET_NAME)";
				SWIFT_EMIT_LOC_STRINGS = YES;
				SWIFT_VERSION = 5.0;
				TARGETED_DEVICE_FAMILY = "1,2";
			};
			name = Debug;
		};
		C35CBDBE2C1C427C003C79C3 /* Release */ = {
			isa = XCBuildConfiguration;
			buildSettings = {
				ASSETCATALOG_COMPILER_APPICON_NAME = AppIcon;
				ASSETCATALOG_COMPILER_GLOBAL_ACCENT_COLOR_NAME = AccentColor;
				CODE_SIGN_STYLE = Automatic;
				CURRENT_PROJECT_VERSION = 1;
				GENERATE_INFOPLIST_FILE = YES;
				INFOPLIST_FILE = "Ecommerce Ui T311/Info.plist";
				INFOPLIST_KEY_UIApplicationSupportsIndirectInputEvents = YES;
				INFOPLIST_KEY_UILaunchStoryboardName = LaunchScreen;
				INFOPLIST_KEY_UIMainStoryboardFile = Main;
				INFOPLIST_KEY_UISupportedInterfaceOrientations_iPad = "UIInterfaceOrientationPortrait UIInterfaceOrientationPortraitUpsideDown UIInterfaceOrientationLandscapeLeft UIInterfaceOrientationLandscapeRight";
				INFOPLIST_KEY_UISupportedInterfaceOrientations_iPhone = "UIInterfaceOrientationPortrait UIInterfaceOrientationLandscapeLeft UIInterfaceOrientationLandscapeRight";
				LD_RUNPATH_SEARCH_PATHS = (
					"$(inherited)",
					"@executable_path/Frameworks",
				);
				MARKETING_VERSION = 1.0;
				PRODUCT_BUNDLE_IDENTIFIER = "com.wcg.Ecommerce-Ui-T311";
				PRODUCT_NAME = "$(TARGET_NAME)";
				SWIFT_EMIT_LOC_STRINGS = YES;
				SWIFT_VERSION = 5.0;
				TARGETED_DEVICE_FAMILY = "1,2";
			};
			name = Release;
		};
		C35CBDC02C1C427C003C79C3 /* Debug */ = {
			isa = XCBuildConfiguration;
			buildSettings = {
				ALWAYS_EMBED_SWIFT_STANDARD_LIBRARIES = YES;
				BUNDLE_LOADER = "$(TEST_HOST)";
				CODE_SIGN_STYLE = Automatic;
				CURRENT_PROJECT_VERSION = 1;
				GENERATE_INFOPLIST_FILE = YES;
				IPHONEOS_DEPLOYMENT_TARGET = 16.2;
				MARKETING_VERSION = 1.0;
				PRODUCT_BUNDLE_IDENTIFIER = "com.wcg.Ecommerce-Ui-T311Tests";
				PRODUCT_NAME = "$(TARGET_NAME)";
				SWIFT_EMIT_LOC_STRINGS = NO;
				SWIFT_VERSION = 5.0;
				TARGETED_DEVICE_FAMILY = "1,2";
				TEST_HOST = "$(BUILT_PRODUCTS_DIR)/Ecommerce Ui T311.app/$(BUNDLE_EXECUTABLE_FOLDER_PATH)/Ecommerce Ui T311";
			};
			name = Debug;
		};
		C35CBDC12C1C427C003C79C3 /* Release */ = {
			isa = XCBuildConfiguration;
			buildSettings = {
				ALWAYS_EMBED_SWIFT_STANDARD_LIBRARIES = YES;
				BUNDLE_LOADER = "$(TEST_HOST)";
				CODE_SIGN_STYLE = Automatic;
				CURRENT_PROJECT_VERSION = 1;
				GENERATE_INFOPLIST_FILE = YES;
				IPHONEOS_DEPLOYMENT_TARGET = 16.2;
				MARKETING_VERSION = 1.0;
				PRODUCT_BUNDLE_IDENTIFIER = "com.wcg.Ecommerce-Ui-T311Tests";
				PRODUCT_NAME = "$(TARGET_NAME)";
				SWIFT_EMIT_LOC_STRINGS = NO;
				SWIFT_VERSION = 5.0;
				TARGETED_DEVICE_FAMILY = "1,2";
				TEST_HOST = "$(BUILT_PRODUCTS_DIR)/Ecommerce Ui T311.app/$(BUNDLE_EXECUTABLE_FOLDER_PATH)/Ecommerce Ui T311";
			};
			name = Release;
		};
		C35CBDC32C1C427C003C79C3 /* Debug */ = {
			isa = XCBuildConfiguration;
			buildSettings = {
				ALWAYS_EMBED_SWIFT_STANDARD_LIBRARIES = YES;
				CODE_SIGN_STYLE = Automatic;
				CURRENT_PROJECT_VERSION = 1;
				GENERATE_INFOPLIST_FILE = YES;
				MARKETING_VERSION = 1.0;
				PRODUCT_BUNDLE_IDENTIFIER = "com.wcg.Ecommerce-Ui-T311UITests";
				PRODUCT_NAME = "$(TARGET_NAME)";
				SWIFT_EMIT_LOC_STRINGS = NO;
				SWIFT_VERSION = 5.0;
				TARGETED_DEVICE_FAMILY = "1,2";
				TEST_TARGET_NAME = "Ecommerce Ui T311";
			};
			name = Debug;
		};
		C35CBDC42C1C427C003C79C3 /* Release */ = {
			isa = XCBuildConfiguration;
			buildSettings = {
				ALWAYS_EMBED_SWIFT_STANDARD_LIBRARIES = YES;
				CODE_SIGN_STYLE = Automatic;
				CURRENT_PROJECT_VERSION = 1;
				GENERATE_INFOPLIST_FILE = YES;
				MARKETING_VERSION = 1.0;
				PRODUCT_BUNDLE_IDENTIFIER = "com.wcg.Ecommerce-Ui-T311UITests";
				PRODUCT_NAME = "$(TARGET_NAME)";
				SWIFT_EMIT_LOC_STRINGS = NO;
				SWIFT_VERSION = 5.0;
				TARGETED_DEVICE_FAMILY = "1,2";
				TEST_TARGET_NAME = "Ecommerce Ui T311";
			};
			name = Release;
		};
/* End XCBuildConfiguration section */

/* Begin XCConfigurationList section */
		C35CBD8A2C1C4272003C79C3 /* Build configuration list for PBXProject "Ecommerce Ui T311" */ = {
			isa = XCConfigurationList;
			buildConfigurations = (
				C35CBDBA2C1C427C003C79C3 /* Debug */,
				C35CBDBB2C1C427C003C79C3 /* Release */,
			);
			defaultConfigurationIsVisible = 0;
			defaultConfigurationName = Release;
		};
		C35CBDBC2C1C427C003C79C3 /* Build configuration list for PBXNativeTarget "Ecommerce Ui T311" */ = {
			isa = XCConfigurationList;
			buildConfigurations = (
				C35CBDBD2C1C427C003C79C3 /* Debug */,
				C35CBDBE2C1C427C003C79C3 /* Release */,
			);
			defaultConfigurationIsVisible = 0;
			defaultConfigurationName = Release;
		};
		C35CBDBF2C1C427C003C79C3 /* Build configuration list for PBXNativeTarget "Ecommerce Ui T311Tests" */ = {
			isa = XCConfigurationList;
			buildConfigurations = (
				C35CBDC02C1C427C003C79C3 /* Debug */,
				C35CBDC12C1C427C003C79C3 /* Release */,
			);
			defaultConfigurationIsVisible = 0;
			defaultConfigurationName = Release;
		};
		C35CBDC22C1C427C003C79C3 /* Build configuration list for PBXNativeTarget "Ecommerce Ui T311UITests" */ = {
			isa = XCConfigurationList;
			buildConfigurations = (
				C35CBDC32C1C427C003C79C3 /* Debug */,
				C35CBDC42C1C427C003C79C3 /* Release */,
			);
			defaultConfigurationIsVisible = 0;
			defaultConfigurationName = Release;
		};
/* End XCConfigurationList section */

/* Begin XCVersionGroup section */
		C35CBD9B2C1C4273003C79C3 /* Ecommerce_Ui_T311.xcdatamodeld */ = {
			isa = XCVersionGroup;
			children = (
				C35CBD9C2C1C4273003C79C3 /* Ecommerce_Ui_T311.xcdatamodel */,
			);
			currentVersion = C35CBD9C2C1C4273003C79C3 /* Ecommerce_Ui_T311.xcdatamodel */;
			path = Ecommerce_Ui_T311.xcdatamodeld;
			sourceTree = "<group>";
			versionGroupType = wrapper.xcdatamodel;
		};
/* End XCVersionGroup section */
	};
	rootObject = C35CBD872C1C4272003C79C3 /* Project object */;
}
